
Microsoft Visual Studio Solution File, Format Version 12.00
# Visual Studio Version 17
VisualStudioVersion = 17.5.33424.131
MinimumVisualStudioVersion = 10.0.40219.1
Project("{FAE04EC0-301F-11D3-BF4B-00C04F79EFBC}") = "WorkBench", "WorkBench\WorkBench.csproj", "{C77A6A1F-5BBD-4E9E-AA83-9B4DA73F9CE8}"
EndProject
Project("{FAE04EC0-301F-11D3-BF4B-00C04F79EFBC}") = "Update", "Update\Update.csproj", "{39C42236-A7AF-41D5-9D3E-5A111BB59903}"
EndProject
Project("{FAE04EC0-301F-11D3-BF4B-00C04F79EFBC}") = "Publisher", "Publisher\Publisher.csproj", "{F1F3D12A-9D31-489B-8727-03329BD10961}"
EndProject
Global
	GlobalSection(SolutionConfigurationPlatforms) = preSolution
		Debug|Any CPU = Debug|Any CPU
		Debug|x64 = Debug|x64
		Release|Any CPU = Release|Any CPU
		Release|x64 = Release|x64
	EndGlobalSection
	GlobalSection(ProjectConfigurationPlatforms) = postSolution
		{C77A6A1F-5BBD-4E9E-AA83-9B4DA73F9CE8}.Debug|Any CPU.ActiveCfg = Debug|Any CPU
		{C77A6A1F-5BBD-4E9E-AA83-9B4DA73F9CE8}.Debug|Any CPU.Build.0 = Debug|Any CPU
		{C77A6A1F-5BBD-4E9E-AA83-9B4DA73F9CE8}.Debug|x64.ActiveCfg = Debug|x64
		{C77A6A1F-5BBD-4E9E-AA83-9B4DA73F9CE8}.Debug|x64.Build.0 = Debug|x64
		{C77A6A1F-5BBD-4E9E-AA83-9B4DA73F9CE8}.Release|Any CPU.ActiveCfg = Release|Any CPU
		{C77A6A1F-5BBD-4E9E-AA83-9B4DA73F9CE8}.Release|Any CPU.Build.0 = Release|Any CPU
		{C77A6A1F-5BBD-4E9E-AA83-9B4DA73F9CE8}.Release|x64.ActiveCfg = Release|x64
		{C77A6A1F-5BBD-4E9E-AA83-9B4DA73F9CE8}.Release|x64.Build.0 = Release|x64
		{39C42236-A7AF-41D5-9D3E-5A111BB59903}.Debug|Any CPU.ActiveCfg = Debug|Any CPU
		{39C42236-A7AF-41D5-9D3E-5A111BB59903}.Debug|Any CPU.Build.0 = Debug|Any CPU
		{39C42236-A7AF-41D5-9D3E-5A111BB59903}.Debug|x64.ActiveCfg = Debug|Any CPU
		{39C42236-A7AF-41D5-9D3E-5A111BB59903}.Debug|x64.Build.0 = Debug|Any CPU
		{39C42236-A7AF-41D5-9D3E-5A111BB59903}.Release|Any CPU.ActiveCfg = Release|Any CPU
		{39C42236-A7AF-41D5-9D3E-5A111BB59903}.Release|Any CPU.Build.0 = Release|Any CPU
		{39C42236-A7AF-41D5-9D3E-5A111BB59903}.Release|x64.ActiveCfg = Release|Any CPU
		{39C42236-A7AF-41D5-9D3E-5A111BB59903}.Release|x64.Build.0 = Release|Any CPU
		{F1F3D12A-9D31-489B-8727-03329BD10961}.Debug|Any CPU.ActiveCfg = Debug|Any CPU
		{F1F3D12A-9D31-489B-8727-03329BD10961}.Debug|Any CPU.Build.0 = Debug|Any CPU
		{F1F3D12A-9D31-489B-8727-03329BD10961}.Debug|x64.ActiveCfg = Debug|Any CPU
		{F1F3D12A-9D31-489B-8727-03329BD10961}.Debug|x64.Build.0 = Debug|Any CPU
		{F1F3D12A-9D31-489B-8727-03329BD10961}.Release|Any CPU.ActiveCfg = Release|Any CPU
		{F1F3D12A-9D31-489B-8727-03329BD10961}.Release|Any CPU.Build.0 = Release|Any CPU
		{F1F3D12A-9D31-489B-8727-03329BD10961}.Release|x64.ActiveCfg = Release|Any CPU
		{F1F3D12A-9D31-489B-8727-03329BD10961}.Release|x64.Build.0 = Release|Any CPU
	EndGlobalSection
	GlobalSection(SolutionProperties) = preSolution
		HideSolutionNode = FALSE
	EndGlobalSection
	GlobalSection(ExtensibilityGlobals) = postSolution
		SolutionGuid = {11EC5C00-459A-4E2E-9983-B598F3F9851E}
	EndGlobalSection
EndGlobal
